
Microsoft Visual Studio Solution File, Format Version 12.00
# Visual Studio Version 17
VisualStudioVersion = 17.5.33516.290
MinimumVisualStudioVersion = 10.0.40219.1
Project("{9A19103F-16F7-4668-BE54-9A1E7A4F7556}") = "Project", "Project.csproj", "{80708388-56AD-4384-B1D0-F36B090B3A12}"
EndProject
Global
	GlobalSection(SolutionConfigurationPlatforms) = preSolution
		Debug|Any CPU = Debug|Any CPU
		Release|Any CPU = Release|Any CPU
	EndGlobalSection
	GlobalSection(ProjectConfigurationPlatforms) = postSolution
		{80708388-56AD-4384-B1D0-F36B090B3A12}.Debug|Any CPU.ActiveCfg = Debug|Any CPU
		{80708388-56AD-4384-B1D0-F36B090B3A12}.Debug|Any CPU.Build.0 = Debug|Any CPU
		{80708388-56AD-4384-B1D0-F36B090B3A12}.Release|Any CPU.ActiveCfg = Release|Any CPU
		{80708388-56AD-4384-B1D0-F36B090B3A12}.Release|Any CPU.Build.0 = Release|Any CPU
	EndGlobalSection
	GlobalSection(SolutionProperties) = preSolution
		HideSolutionNode = FALSE
	EndGlobalSection
	GlobalSection(ExtensibilityGlobals) = postSolution
		SolutionGuid = {E7DE3DC9-B6E0-4B6A-9D0F-5C7992E4C134}
	EndGlobalSection
EndGlobal
